// !$*UTF8*$!
{
	archiveVersion = 1;
	classes = {
	};
	objectVersion = 46;
	objects = {

/* Begin PBXBuildFile section */
		54C43D871D5487BB00F9CFC5 /* AppDelegate.swift in Sources */ = {isa = PBXBuildFile; fileRef = 54C43D7F1D5487BB00F9CFC5 /* AppDelegate.swift */; };
		54C43D881D5487BB00F9CFC5 /* Assets.xcassets in Resources */ = {isa = PBXBuildFile; fileRef = 54C43D801D5487BB00F9CFC5 /* Assets.xcassets */; };
		54C43D891D5487BB00F9CFC5 /* LaunchScreen.storyboard in Resources */ = {isa = PBXBuildFile; fileRef = 54C43D811D5487BB00F9CFC5 /* LaunchScreen.storyboard */; };
		54C43D8A1D5487BB00F9CFC5 /* Main.storyboard in Resources */ = {isa = PBXBuildFile; fileRef = 54C43D831D5487BB00F9CFC5 /* Main.storyboard */; };
		54C43D8C1D5487BB00F9CFC5 /* LinksViewController.swift in Sources */ = {isa = PBXBuildFile; fileRef = 54C43D861D5487BB00F9CFC5 /* LinksViewController.swift */; };
/* End PBXBuildFile section */

/* Begin PBXFileReference section */
		54C43D7F1D5487BB00F9CFC5 /* AppDelegate.swift */ = {isa = PBXFileReference; fileEncoding = 4; lastKnownFileType = sourcecode.swift; path = AppDelegate.swift; sourceTree = "<group>"; };
		54C43D801D5487BB00F9CFC5 /* Assets.xcassets */ = {isa = PBXFileReference; lastKnownFileType = folder.assetcatalog; path = Assets.xcassets; sourceTree = "<group>"; };
		54C43D821D5487BB00F9CFC5 /* Base */ = {isa = PBXFileReference; lastKnownFileType = file.storyboard; name = Base; path = Base.lproj/LaunchScreen.storyboard; sourceTree = "<group>"; };
		54C43D841D5487BB00F9CFC5 /* Base */ = {isa = PBXFileReference; lastKnownFileType = file.storyboard; name = Base; path = Base.lproj/Main.storyboard; sourceTree = "<group>"; };
		54C43D851D5487BB00F9CFC5 /* Info.plist */ = {isa = PBXFileReference; fileEncoding = 4; lastKnownFileType = text.plist.xml; path = Info.plist; sourceTree = "<group>"; };
		54C43D861D5487BB00F9CFC5 /* LinksViewController.swift */ = {isa = PBXFileReference; fileEncoding = 4; lastKnownFileType = sourcecode.swift; path = LinksViewController.swift; sourceTree = "<group>"; };
		54DC2C0A1D4DF91400C6195A /* AnalyticsDemo.app */ = {isa = PBXFileReference; explicitFileType = wrapper.application; includeInIndex = 0; path = AnalyticsDemo.app; sourceTree = BUILT_PRODUCTS_DIR; };
/* End PBXFileReference section */

/* Begin PBXFrameworksBuildPhase section */
		54DC2C071D4DF91400C6195A /* Frameworks */ = {
			isa = PBXFrameworksBuildPhase;
			buildActionMask = 2147483647;
			files = (
			);
			runOnlyForDeploymentPostprocessing = 0;
		};
/* End PBXFrameworksBuildPhase section */

/* Begin PBXGroup section */
		54C43D7E1D5487BB00F9CFC5 /* AnalyticsDemo */ = {
			isa = PBXGroup;
			children = (
				54C43D7F1D5487BB00F9CFC5 /* AppDelegate.swift */,
				54C43D861D5487BB00F9CFC5 /* LinksViewController.swift */,
				54C43D801D5487BB00F9CFC5 /* Assets.xcassets */,
				54C43D811D5487BB00F9CFC5 /* LaunchScreen.storyboard */,
				54C43D831D5487BB00F9CFC5 /* Main.storyboard */,
				54C43D851D5487BB00F9CFC5 /* Info.plist */,
			);
			path = AnalyticsDemo;
			sourceTree = "<group>";
		};
		54DC2C011D4DF91400C6195A = {
			isa = PBXGroup;
			children = (
				54C43D7E1D5487BB00F9CFC5 /* AnalyticsDemo */,
				54DC2C0B1D4DF91400C6195A /* Products */,
			);
			sourceTree = "<group>";
		};
		54DC2C0B1D4DF91400C6195A /* Products */ = {
			isa = PBXGroup;
			children = (
				54DC2C0A1D4DF91400C6195A /* AnalyticsDemo.app */,
			);
			name = Products;
			sourceTree = "<group>";
		};
/* End PBXGroup section */

/* Begin PBXNativeTarget section */
		54DC2C091D4DF91400C6195A /* AnalyticsDemo */ = {
			isa = PBXNativeTarget;
			buildConfigurationList = 54DC2C1C1D4DF91400C6195A /* Build configuration list for PBXNativeTarget "AnalyticsDemo" */;
			buildPhases = (
				54DC2C061D4DF91400C6195A /* Sources */,
				54DC2C071D4DF91400C6195A /* Frameworks */,
				54DC2C081D4DF91400C6195A /* Resources */,
			);
			buildRules = (
			);
			dependencies = (
			);
			name = AnalyticsDemo;
			productName = UnitTestsDemo;
			productReference = 54DC2C0A1D4DF91400C6195A /* AnalyticsDemo.app */;
			productType = "com.apple.product-type.application";
		};
/* End PBXNativeTarget section */

/* Begin PBXProject section */
		54DC2C021D4DF91400C6195A /* Project object */ = {
			isa = PBXProject;
			attributes = {
				LastSwiftUpdateCheck = 0730;
				LastUpgradeCheck = 0800;
				ORGANIZATIONNAME = CareerFoundry;
				TargetAttributes = {
					54DC2C091D4DF91400C6195A = {
						CreatedOnToolsVersion = 7.3.1;
						LastSwiftMigration = 0800;
					};
				};
			};
			buildConfigurationList = 54DC2C051D4DF91400C6195A /* Build configuration list for PBXProject "AnalyticsDemo" */;
			compatibilityVersion = "Xcode 3.2";
			developmentRegion = English;
			hasScannedForEncodings = 0;
			knownRegions = (
				en,
				Base,
			);
			mainGroup = 54DC2C011D4DF91400C6195A;
			productRefGroup = 54DC2C0B1D4DF91400C6195A /* Products */;
			projectDirPath = "";
			projectRoot = "";
			targets = (
				54DC2C091D4DF91400C6195A /* AnalyticsDemo */,
			);
		};
/* End PBXProject section */

/* Begin PBXResourcesBuildPhase section */
		54DC2C081D4DF91400C6195A /* Resources */ = {
			isa = PBXResourcesBuildPhase;
			buildActionMask = 2147483647;
			files = (
				54C43D8A1D5487BB00F9CFC5 /* Main.storyboard in Resources */,
				54C43D881D5487BB00F9CFC5 /* Assets.xcassets in Resources */,
				54C43D891D5487BB00F9CFC5 /* LaunchScreen.storyboard in Resources */,
			);
			runOnlyForDeploymentPostprocessing = 0;
		};
/* End PBXResourcesBuildPhase section */

/* Begin PBXSourcesBuildPhase section */
		54DC2C061D4DF91400C6195A /* Sources */ = {
			isa = PBXSourcesBuildPhase;
			buildActionMask = 2147483647;
			files = (
				54C43D8C1D5487BB00F9CFC5 /* LinksViewController.swift in Sources */,
				54C43D871D5487BB00F9CFC5 /* AppDelegate.swift in Sources */,
			);
			runOnlyForDeploymentPostprocessing = 0;
		};
/* End PBXSourcesBuildPhase section */

/* Begin PBXVariantGroup section */
		54C43D811D5487BB00F9CFC5 /* LaunchScreen.storyboard */ = {
			isa = PBXVariantGroup;
			children = (
				54C43D821D5487BB00F9CFC5 /* Base */,
			);
			name = LaunchScreen.storyboard;
			sourceTree = "<group>";
		};
		54C43D831D5487BB00F9CFC5 /* Main.storyboard */ = {
			isa = PBXVariantGroup;
			children = (
				54C43D841D5487BB00F9CFC5 /* Base */,
			);
			name = Main.storyboard;
			sourceTree = "<group>";
		};
/* End PBXVariantGroup section */

/* Begin XCBuildConfiguration section */
		54DC2C1A1D4DF91400C6195A /* Debug */ = {
			isa = XCBuildConfiguration;
			buildSettings = {
				ALWAYS_SEARCH_USER_PATHS = NO;
				CLANG_ANALYZER_NONNULL = YES;
				CLANG_CXX_LANGUAGE_STANDARD = "gnu++0x";
				CLANG_CXX_LIBRARY = "libc++";
				CLANG_ENABLE_MODULES = YES;
				CLANG_ENABLE_OBJC_ARC = YES;
				CLANG_WARN_BOOL_CONVERSION = YES;
				CLANG_WARN_CONSTANT_CONVERSION = YES;
				CLANG_WARN_DIRECT_OBJC_ISA_USAGE = YES_ERROR;
				CLANG_WARN_EMPTY_BODY = YES;
				CLANG_WARN_ENUM_CONVERSION = YES;
				CLANG_WARN_INFINITE_RECURSION = YES;
				CLANG_WARN_INT_CONVERSION = YES;
				CLANG_WARN_OBJC_ROOT_CLASS = YES_ERROR;
				CLANG_WARN_SUSPICIOUS_MOVE = YES;
				CLANG_WARN_UNREACHABLE_CODE = YES;
				CLANG_WARN__DUPLICATE_METHOD_MATCH = YES;
				"CODE_SIGN_IDENTITY[sdk=iphoneos*]" = "iPhone Developer";
				COPY_PHASE_STRIP = NO;
				DEBUG_INFORMATION_FORMAT = dwarf;
				ENABLE_STRICT_OBJC_MSGSEND = YES;
				ENABLE_TESTABILITY = YES;
				GCC_C_LANGUAGE_STANDARD = gnu99;
				GCC_DYNAMIC_NO_PIC = NO;
				GCC_NO_COMMON_BLOCKS = YES;
				GCC_OPTIMIZATION_LEVEL = 0;
				GCC_PREPROCESSOR_DEFINITIONS = (
					"DEBUG=1",
					"$(inherited)",
				);
				GCC_WARN_64_TO_32_BIT_CONVERSION = YES;
				GCC_WARN_ABOUT_RETURN_TYPE = YES_ERROR;
				GCC_WARN_UNDECLARED_SELECTOR = YES;
				GCC_WARN_UNINITIALIZED_AUTOS = YES_AGGRESSIVE;
				GCC_WARN_UNUSED_FUNCTION = YES;
				GCC_WARN_UNUSED_VARIABLE = YES;
				IPHONEOS_DEPLOYMENT_TARGET = 10.0;
				MTL_ENABLE_DEBUG_INFO = YES;
				ONLY_ACTIVE_ARCH = YES;
				SDKROOT = iphoneos;
				SWIFT_OPTIMIZATION_LEVEL = "-Onone";
			};
			name = Debug;
		};
		54DC2C1B1D4DF91400C6195A /* Release */ = {
			isa = XCBuildConfiguration;
			buildSettings = {
				ALWAYS_SEARCH_USER_PATHS = NO;
				CLANG_ANALYZER_NONNULL = YES;
				CLANG_CXX_LANGUAGE_STANDARD = "gnu++0x";
				CLANG_CXX_LIBRARY = "libc++";
				CLANG_ENABLE_MODULES = YES;
				CLANG_ENABLE_OBJC_ARC = YES;
				CLANG_WARN_BOOL_CONVERSION = YES;
				CLANG_WARN_CONSTANT_CONVERSION = YES;
				CLANG_WARN_DIRECT_OBJC_ISA_USAGE = YES_ERROR;
				CLANG_WARN_EMPTY_BODY = YES;
				CLANG_WARN_ENUM_CONVERSION = YES;
				CLANG_WARN_INFINITE_RECURSION = YES;
				CLANG_WARN_INT_CONVERSION = YES;
				CLANG_WARN_OBJC_ROOT_CLASS = YES_ERROR;
				CLANG_WARN_SUSPICIOUS_MOVE = YES;
				CLANG_WARN_UNREACHABLE_CODE = YES;
				CLANG_WARN__DUPLICATE_METHOD_MATCH = YES;
				"CODE_SIGN_IDENTITY[sdk=iphoneos*]" = "iPhone Developer";
				COPY_PHASE_STRIP = NO;
				DEBUG_INFORMATION_FORMAT = "dwarf-with-dsym";
				ENABLE_NS_ASSERTIONS = NO;
				ENABLE_STRICT_OBJC_MSGSEND = YES;
				GCC_C_LANGUAGE_STANDARD = gnu99;
				GCC_NO_COMMON_BLOCKS = YES;
				GCC_WARN_64_TO_32_BIT_CONVERSION = YES;
				GCC_WARN_ABOUT_RETURN_TYPE = YES_ERROR;
				GCC_WARN_UNDECLARED_SELECTOR = YES;
				GCC_WARN_UNINITIALIZED_AUTOS = YES_AGGRESSIVE;
				GCC_WARN_UNUSED_FUNCTION = YES;
				GCC_WARN_UNUSED_VARIABLE = YES;
				IPHONEOS_DEPLOYMENT_TARGET = 10.0;
				MTL_ENABLE_DEBUG_INFO = NO;
				SDKROOT = iphoneos;
				SWIFT_OPTIMIZATION_LEVEL = "-Owholemodule";
				VALIDATE_PRODUCT = YES;
			};
			name = Release;
		};
		54DC2C1D1D4DF91400C6195A /* Debug */ = {
			isa = XCBuildConfiguration;
			buildSettings = {
				ASSETCATALOG_COMPILER_APPICON_NAME = AppIcon;
				INFOPLIST_FILE = AnalyticsDemo/Info.plist;
				LD_RUNPATH_SEARCH_PATHS = "$(inherited) @executable_path/Frameworks";
				PRODUCT_BUNDLE_IDENTIFIER = com.careerfoundry.UnitTestsDemo;
				PRODUCT_NAME = AnalyticsDemo;
				SWIFT_VERSION = 3.0;
			};
			name = Debug;
		};
		54DC2C1E1D4DF91400C6195A /* Release */ = {
			isa = XCBuildConfiguration;
			buildSettings = {
				ASSETCATALOG_COMPILER_APPICON_NAME = AppIcon;
				INFOPLIST_FILE = AnalyticsDemo/Info.plist;
				LD_RUNPATH_SEARCH_PATHS = "$(inherited) @executable_path/Frameworks";
				PRODUCT_BUNDLE_IDENTIFIER = com.careerfoundry.UnitTestsDemo;
				PRODUCT_NAME = AnalyticsDemo;
				SWIFT_VERSION = 3.0;
			};
			name = Release;
		};
/* End XCBuildConfiguration section */

/* Begin XCConfigurationList section */
		54DC2C051D4DF91400C6195A /* Build configuration list for PBXProject "AnalyticsDemo" */ = {
			isa = XCConfigurationList;
			buildConfigurations = (
				54DC2C1A1D4DF91400C6195A /* Debug */,
				54DC2C1B1D4DF91400C6195A /* Release */,
			);
			defaultConfigurationIsVisible = 0;
			defaultConfigurationName = Release;
		};
		54DC2C1C1D4DF91400C6195A /* Build configuration list for PBXNativeTarget "AnalyticsDemo" */ = {
			isa = XCConfigurationList;
			buildConfigurations = (
				54DC2C1D1D4DF91400C6195A /* Debug */,
				54DC2C1E1D4DF91400C6195A /* Release */,
			);
			defaultConfigurationIsVisible = 0;
			defaultConfigurationName = Release;
		};
/* End XCConfigurationList section */
	};
	rootObject = 54DC2C021D4DF91400C6195A /* Project object */;
}
